name = "pesde/scripts_core"
version = "0.0.1"
target = "lune"

[workspace."pesde/scripts_core"]
lune = ""

[graph."itsfrank/frktest"."0.0.2 lune"]
direct = ["frktest", { name = "itsfrank/frktest", version = "^0.0.2" }, "dev"]
resolved_ty = "dev"

[graph."itsfrank/frktest"."0.0.2 lune".target]
environment = "lune"
lib = "src/_pesde_init.luau"

[graph."itsfrank/frktest"."0.0.2 lune".pkg_ref]
ref_ty = "pesde"
name = "itsfrank/frktest"
version = "0.0.2"
index_url = "https://github.com/daimond113/pesde-index"

[graph."itsfrank/frktest"."0.0.2 lune".pkg_ref.target]
environment = "lune"
lib = "src/_pesde_init.luau"

[graph."jiwonz/pathfs"."0.1.0 lune"]
direct = ["pathfs", { name = "jiwonz/pathfs", version = "^0.1.0" }, "dev"]
resolved_ty = "dev"

[graph."jiwonz/pathfs"."0.1.0 lune".target]
environment = "lune"
lib = "init.luau"

[graph."jiwonz/pathfs"."0.1.0 lune".pkg_ref]
ref_ty = "pesde"
name = "jiwonz/pathfs"
version = "0.1.0"
index_url = "https://github.com/daimond113/pesde-index"

[graph."jiwonz/pathfs"."0.1.0 lune".pkg_ref.target]
environment = "lune"
lib = "init.luau"
